
Microsoft Visual Studio Solution File, Format Version 12.00
# Visual Studio Version 17
VisualStudioVersion = 17.4.33213.308
MinimumVisualStudioVersion = 10.0.40219.1
Project("{FAE04EC0-301F-11D3-BF4B-00C04F79EFBC}") = "Tonyzeman", "Tonyzeman\Tonyzeman.csproj", "{5FB69E38-8494-43C8-ABBF-ECED207337D3}"
EndProject
Global
	GlobalSection(SolutionConfigurationPlatforms) = preSolution
		Debug|Any CPU = Debug|Any CPU
		Release|Any CPU = Release|Any CPU
	EndGlobalSection
	GlobalSection(ProjectConfigurationPlatforms) = postSolution
		{5FB69E38-8494-43C8-ABBF-ECED207337D3}.Debug|Any CPU.ActiveCfg = Debug|Any CPU
		{5FB69E38-8494-43C8-ABBF-ECED207337D3}.Debug|Any CPU.Build.0 = Debug|Any CPU
		{5FB69E38-8494-43C8-ABBF-ECED207337D3}.Release|Any CPU.ActiveCfg = Release|Any CPU
		{5FB69E38-8494-43C8-ABBF-ECED207337D3}.Release|Any CPU.Build.0 = Release|Any CPU
	EndGlobalSection
	GlobalSection(SolutionProperties) = preSolution
		HideSolutionNode = FALSE
	EndGlobalSection
	GlobalSection(ExtensibilityGlobals) = postSolution
		SolutionGuid = {10503386-879D-4093-8EFA-0DA30FCDE3B9}
	EndGlobalSection
EndGlobal
